
Microsoft Visual Studio Solution File, Format Version 12.00
# Visual Studio Version 17
VisualStudioVersion = 17.4.33213.308
MinimumVisualStudioVersion = 10.0.40219.1
Project("{FAE04EC0-301F-11D3-BF4B-00C04F79EFBC}") = "mod4_1302210095", "mod4_1302210095.csproj", "{3A90B46C-BE9B-43B8-9A2E-F091760A3720}"
EndProject
Global
	GlobalSection(SolutionConfigurationPlatforms) = preSolution
		Debug|Any CPU = Debug|Any CPU
		Release|Any CPU = Release|Any CPU
	EndGlobalSection
	GlobalSection(ProjectConfigurationPlatforms) = postSolution
		{3A90B46C-BE9B-43B8-9A2E-F091760A3720}.Debug|Any CPU.ActiveCfg = Debug|Any CPU
		{3A90B46C-BE9B-43B8-9A2E-F091760A3720}.Debug|Any CPU.Build.0 = Debug|Any CPU
		{3A90B46C-BE9B-43B8-9A2E-F091760A3720}.Release|Any CPU.ActiveCfg = Release|Any CPU
		{3A90B46C-BE9B-43B8-9A2E-F091760A3720}.Release|Any CPU.Build.0 = Release|Any CPU
	EndGlobalSection
	GlobalSection(SolutionProperties) = preSolution
		HideSolutionNode = FALSE
	EndGlobalSection
	GlobalSection(ExtensibilityGlobals) = postSolution
		SolutionGuid = {5AD3C347-5714-40E9-A3ED-31E4DBA0D075}
	EndGlobalSection
EndGlobal
